// !$*UTF8*$!
{
	archiveVersion = 1;
	classes = {
	};
	objectVersion = 56;
	objects = {

/* Begin PBXBuildFile section */
		ED2E2C692978432700D1DCBF /* AppDelegate.swift in Sources */ = {isa = PBXBuildFile; fileRef = ED2E2C682978432700D1DCBF /* AppDelegate.swift */; };
		ED2E2C6B2978432700D1DCBF /* SceneDelegate.swift in Sources */ = {isa = PBXBuildFile; fileRef = ED2E2C6A2978432700D1DCBF /* SceneDelegate.swift */; };
		ED2E2C6D2978432700D1DCBF /* ViewController.swift in Sources */ = {isa = PBXBuildFile; fileRef = ED2E2C6C2978432700D1DCBF /* ViewController.swift */; };
		ED2E2C702978432700D1DCBF /* Main.storyboard in Resources */ = {isa = PBXBuildFile; fileRef = ED2E2C6E2978432700D1DCBF /* Main.storyboard */; };
		ED2E2C732978432700D1DCBF /* ReapLanguage.xcdatamodeld in Sources */ = {isa = PBXBuildFile; fileRef = ED2E2C712978432700D1DCBF /* ReapLanguage.xcdatamodeld */; };
		ED2E2C752978432800D1DCBF /* Assets.xcassets in Resources */ = {isa = PBXBuildFile; fileRef = ED2E2C742978432800D1DCBF /* Assets.xcassets */; };
		ED2E2C782978432800D1DCBF /* LaunchScreen.storyboard in Resources */ = {isa = PBXBuildFile; fileRef = ED2E2C762978432800D1DCBF /* LaunchScreen.storyboard */; };
		ED2E2C85297869C100D1DCBF /* CollectionTableViewController.swift in Sources */ = {isa = PBXBuildFile; fileRef = ED2E2C84297869C100D1DCBF /* CollectionTableViewController.swift */; };
		ED2E2C8829786BBD00D1DCBF /* ConnectWordViewController.swift in Sources */ = {isa = PBXBuildFile; fileRef = ED2E2C8729786BBD00D1DCBF /* ConnectWordViewController.swift */; };
		ED2E2C8B2978710B00D1DCBF /* Word.swift in Sources */ = {isa = PBXBuildFile; fileRef = ED2E2C8A2978710B00D1DCBF /* Word.swift */; };
		ED2E2C8D2978720200D1DCBF /* LearnWordViewController.swift in Sources */ = {isa = PBXBuildFile; fileRef = ED2E2C8C2978720200D1DCBF /* LearnWordViewController.swift */; };
		ED2E2C8F2978722800D1DCBF /* ChooseWordViewController.swift in Sources */ = {isa = PBXBuildFile; fileRef = ED2E2C8E2978722800D1DCBF /* ChooseWordViewController.swift */; };
		ED2E2C912978725300D1DCBF /* WriteWordViewController.swift in Sources */ = {isa = PBXBuildFile; fileRef = ED2E2C902978725300D1DCBF /* WriteWordViewController.swift */; };
		ED2E2C94297873DD00D1DCBF /* ChooseWordEvent.swift in Sources */ = {isa = PBXBuildFile; fileRef = ED2E2C93297873DD00D1DCBF /* ChooseWordEvent.swift */; };
		ED40F4182981D3A200074007 /* Collection.swift in Sources */ = {isa = PBXBuildFile; fileRef = ED40F4172981D3A200074007 /* Collection.swift */; };
		ED40F41B2981D79600074007 /* CoreDataStack.swift in Sources */ = {isa = PBXBuildFile; fileRef = ED40F41A2981D79600074007 /* CoreDataStack.swift */; };
/* End PBXBuildFile section */

/* Begin PBXFileReference section */
		ED2E2C652978432700D1DCBF /* ReapLanguage.app */ = {isa = PBXFileReference; explicitFileType = wrapper.application; includeInIndex = 0; path = ReapLanguage.app; sourceTree = BUILT_PRODUCTS_DIR; };
		ED2E2C682978432700D1DCBF /* AppDelegate.swift */ = {isa = PBXFileReference; lastKnownFileType = sourcecode.swift; path = AppDelegate.swift; sourceTree = "<group>"; };
		ED2E2C6A2978432700D1DCBF /* SceneDelegate.swift */ = {isa = PBXFileReference; lastKnownFileType = sourcecode.swift; path = SceneDelegate.swift; sourceTree = "<group>"; };
		ED2E2C6C2978432700D1DCBF /* ViewController.swift */ = {isa = PBXFileReference; lastKnownFileType = sourcecode.swift; path = ViewController.swift; sourceTree = "<group>"; };
		ED2E2C6F2978432700D1DCBF /* Base */ = {isa = PBXFileReference; lastKnownFileType = file.storyboard; name = Base; path = Base.lproj/Main.storyboard; sourceTree = "<group>"; };
		ED2E2C722978432700D1DCBF /* ReapLanguage.xcdatamodel */ = {isa = PBXFileReference; lastKnownFileType = wrapper.xcdatamodel; path = ReapLanguage.xcdatamodel; sourceTree = "<group>"; };
		ED2E2C742978432800D1DCBF /* Assets.xcassets */ = {isa = PBXFileReference; lastKnownFileType = folder.assetcatalog; path = Assets.xcassets; sourceTree = "<group>"; };
		ED2E2C772978432800D1DCBF /* Base */ = {isa = PBXFileReference; lastKnownFileType = file.storyboard; name = Base; path = Base.lproj/LaunchScreen.storyboard; sourceTree = "<group>"; };
		ED2E2C792978432800D1DCBF /* Info.plist */ = {isa = PBXFileReference; lastKnownFileType = text.plist.xml; path = Info.plist; sourceTree = "<group>"; };
		ED2E2C84297869C100D1DCBF /* CollectionTableViewController.swift */ = {isa = PBXFileReference; lastKnownFileType = sourcecode.swift; path = CollectionTableViewController.swift; sourceTree = "<group>"; };
		ED2E2C8729786BBD00D1DCBF /* ConnectWordViewController.swift */ = {isa = PBXFileReference; lastKnownFileType = sourcecode.swift; path = ConnectWordViewController.swift; sourceTree = "<group>"; };
		ED2E2C8A2978710B00D1DCBF /* Word.swift */ = {isa = PBXFileReference; lastKnownFileType = sourcecode.swift; path = Word.swift; sourceTree = "<group>"; };
		ED2E2C8C2978720200D1DCBF /* LearnWordViewController.swift */ = {isa = PBXFileReference; lastKnownFileType = sourcecode.swift; path = LearnWordViewController.swift; sourceTree = "<group>"; };
		ED2E2C8E2978722800D1DCBF /* ChooseWordViewController.swift */ = {isa = PBXFileReference; lastKnownFileType = sourcecode.swift; path = ChooseWordViewController.swift; sourceTree = "<group>"; };
		ED2E2C902978725300D1DCBF /* WriteWordViewController.swift */ = {isa = PBXFileReference; lastKnownFileType = sourcecode.swift; path = WriteWordViewController.swift; sourceTree = "<group>"; };
		ED2E2C93297873DD00D1DCBF /* ChooseWordEvent.swift */ = {isa = PBXFileReference; lastKnownFileType = sourcecode.swift; path = ChooseWordEvent.swift; sourceTree = "<group>"; };
		ED40F4172981D3A200074007 /* Collection.swift */ = {isa = PBXFileReference; lastKnownFileType = sourcecode.swift; path = Collection.swift; sourceTree = "<group>"; };
		ED40F41A2981D79600074007 /* CoreDataStack.swift */ = {isa = PBXFileReference; lastKnownFileType = sourcecode.swift; path = CoreDataStack.swift; sourceTree = "<group>"; };
/* End PBXFileReference section */

/* Begin PBXFrameworksBuildPhase section */
		ED2E2C622978432700D1DCBF /* Frameworks */ = {
			isa = PBXFrameworksBuildPhase;
			buildActionMask = 2147483647;
			files = (
			);
			runOnlyForDeploymentPostprocessing = 0;
		};
/* End PBXFrameworksBuildPhase section */

/* Begin PBXGroup section */
		ED2E2C5C2978432700D1DCBF = {
			isa = PBXGroup;
			children = (
				ED2E2C672978432700D1DCBF /* ReapLanguage */,
				ED2E2C662978432700D1DCBF /* Products */,
			);
			sourceTree = "<group>";
		};
		ED2E2C662978432700D1DCBF /* Products */ = {
			isa = PBXGroup;
			children = (
				ED2E2C652978432700D1DCBF /* ReapLanguage.app */,
			);
			name = Products;
			sourceTree = "<group>";
		};
		ED2E2C672978432700D1DCBF /* ReapLanguage */ = {
			isa = PBXGroup;
			children = (
				ED40F4192981D78300074007 /* CoreData */,
				ED2E2C89297870D500D1DCBF /* Class */,
				ED2E2C7F29784C1E00D1DCBF /* ViewController */,
				ED2E2C682978432700D1DCBF /* AppDelegate.swift */,
				ED2E2C6A2978432700D1DCBF /* SceneDelegate.swift */,
				ED2E2C6C2978432700D1DCBF /* ViewController.swift */,
				ED2E2C6E2978432700D1DCBF /* Main.storyboard */,
				ED2E2C742978432800D1DCBF /* Assets.xcassets */,
				ED2E2C762978432800D1DCBF /* LaunchScreen.storyboard */,
				ED2E2C792978432800D1DCBF /* Info.plist */,
				ED2E2C712978432700D1DCBF /* ReapLanguage.xcdatamodeld */,
				ED40F4172981D3A200074007 /* Collection.swift */,
			);
			path = ReapLanguage;
			sourceTree = "<group>";
		};
		ED2E2C7F29784C1E00D1DCBF /* ViewController */ = {
			isa = PBXGroup;
			children = (
				ED2E2C8629786B8300D1DCBF /* LearnEventController */,
				ED2E2C84297869C100D1DCBF /* CollectionTableViewController.swift */,
			);
			path = ViewController;
			sourceTree = "<group>";
		};
		ED2E2C8629786B8300D1DCBF /* LearnEventController */ = {
			isa = PBXGroup;
			children = (
				ED2E2C8729786BBD00D1DCBF /* ConnectWordViewController.swift */,
				ED2E2C8C2978720200D1DCBF /* LearnWordViewController.swift */,
				ED2E2C8E2978722800D1DCBF /* ChooseWordViewController.swift */,
				ED2E2C902978725300D1DCBF /* WriteWordViewController.swift */,
			);
			path = LearnEventController;
			sourceTree = "<group>";
		};
		ED2E2C89297870D500D1DCBF /* Class */ = {
			isa = PBXGroup;
			children = (
				ED2E2C92297873BD00D1DCBF /* LearnEvent */,
				ED2E2C8A2978710B00D1DCBF /* Word.swift */,
			);
			path = Class;
			sourceTree = "<group>";
		};
		ED2E2C92297873BD00D1DCBF /* LearnEvent */ = {
			isa = PBXGroup;
			children = (
				ED2E2C93297873DD00D1DCBF /* ChooseWordEvent.swift */,
			);
			path = LearnEvent;
			sourceTree = "<group>";
		};
		ED40F4192981D78300074007 /* CoreData */ = {
			isa = PBXGroup;
			children = (
				ED40F41A2981D79600074007 /* CoreDataStack.swift */,
			);
			path = CoreData;
			sourceTree = "<group>";
		};
/* End PBXGroup section */

/* Begin PBXNativeTarget section */
		ED2E2C642978432700D1DCBF /* ReapLanguage */ = {
			isa = PBXNativeTarget;
			buildConfigurationList = ED2E2C7C2978432800D1DCBF /* Build configuration list for PBXNativeTarget "ReapLanguage" */;
			buildPhases = (
				ED2E2C612978432700D1DCBF /* Sources */,
				ED2E2C622978432700D1DCBF /* Frameworks */,
				ED2E2C632978432700D1DCBF /* Resources */,
			);
			buildRules = (
			);
			dependencies = (
			);
			name = ReapLanguage;
			productName = ReapLanguage;
			productReference = ED2E2C652978432700D1DCBF /* ReapLanguage.app */;
			productType = "com.apple.product-type.application";
		};
/* End PBXNativeTarget section */

/* Begin PBXProject section */
		ED2E2C5D2978432700D1DCBF /* Project object */ = {
			isa = PBXProject;
			attributes = {
				BuildIndependentTargetsInParallel = 1;
				LastSwiftUpdateCheck = 1420;
				LastUpgradeCheck = 1420;
				TargetAttributes = {
					ED2E2C642978432700D1DCBF = {
						CreatedOnToolsVersion = 14.2;
					};
				};
			};
			buildConfigurationList = ED2E2C602978432700D1DCBF /* Build configuration list for PBXProject "ReapLanguage" */;
			compatibilityVersion = "Xcode 14.0";
			developmentRegion = en;
			hasScannedForEncodings = 0;
			knownRegions = (
				en,
				Base,
			);
			mainGroup = ED2E2C5C2978432700D1DCBF;
			productRefGroup = ED2E2C662978432700D1DCBF /* Products */;
			projectDirPath = "";
			projectRoot = "";
			targets = (
				ED2E2C642978432700D1DCBF /* ReapLanguage */,
			);
		};
/* End PBXProject section */

/* Begin PBXResourcesBuildPhase section */
		ED2E2C632978432700D1DCBF /* Resources */ = {
			isa = PBXResourcesBuildPhase;
			buildActionMask = 2147483647;
			files = (
				ED2E2C782978432800D1DCBF /* LaunchScreen.storyboard in Resources */,
				ED2E2C752978432800D1DCBF /* Assets.xcassets in Resources */,
				ED2E2C702978432700D1DCBF /* Main.storyboard in Resources */,
			);
			runOnlyForDeploymentPostprocessing = 0;
		};
/* End PBXResourcesBuildPhase section */

/* Begin PBXSourcesBuildPhase section */
		ED2E2C612978432700D1DCBF /* Sources */ = {
			isa = PBXSourcesBuildPhase;
			buildActionMask = 2147483647;
			files = (
				ED2E2C6D2978432700D1DCBF /* ViewController.swift in Sources */,
				ED2E2C8B2978710B00D1DCBF /* Word.swift in Sources */,
				ED2E2C8F2978722800D1DCBF /* ChooseWordViewController.swift in Sources */,
				ED40F4182981D3A200074007 /* Collection.swift in Sources */,
				ED2E2C85297869C100D1DCBF /* CollectionTableViewController.swift in Sources */,
				ED2E2C732978432700D1DCBF /* ReapLanguage.xcdatamodeld in Sources */,
				ED40F41B2981D79600074007 /* CoreDataStack.swift in Sources */,
				ED2E2C692978432700D1DCBF /* AppDelegate.swift in Sources */,
				ED2E2C912978725300D1DCBF /* WriteWordViewController.swift in Sources */,
				ED2E2C94297873DD00D1DCBF /* ChooseWordEvent.swift in Sources */,
				ED2E2C8D2978720200D1DCBF /* LearnWordViewController.swift in Sources */,
				ED2E2C6B2978432700D1DCBF /* SceneDelegate.swift in Sources */,
				ED2E2C8829786BBD00D1DCBF /* ConnectWordViewController.swift in Sources */,
			);
			runOnlyForDeploymentPostprocessing = 0;
		};
/* End PBXSourcesBuildPhase section */

/* Begin PBXVariantGroup section */
		ED2E2C6E2978432700D1DCBF /* Main.storyboard */ = {
			isa = PBXVariantGroup;
			children = (
				ED2E2C6F2978432700D1DCBF /* Base */,
			);
			name = Main.storyboard;
			sourceTree = "<group>";
		};
		ED2E2C762978432800D1DCBF /* LaunchScreen.storyboard */ = {
			isa = PBXVariantGroup;
			children = (
				ED2E2C772978432800D1DCBF /* Base */,
			);
			name = LaunchScreen.storyboard;
			sourceTree = "<group>";
		};
/* End PBXVariantGroup section */

/* Begin XCBuildConfiguration section */
		ED2E2C7A2978432800D1DCBF /* Debug */ = {
			isa = XCBuildConfiguration;
			buildSettings = {
				ALWAYS_SEARCH_USER_PATHS = NO;
				CLANG_ANALYZER_NONNULL = YES;
				CLANG_ANALYZER_NUMBER_OBJECT_CONVERSION = YES_AGGRESSIVE;
				CLANG_CXX_LANGUAGE_STANDARD = "gnu++20";
				CLANG_ENABLE_MODULES = YES;
				CLANG_ENABLE_OBJC_ARC = YES;
				CLANG_ENABLE_OBJC_WEAK = YES;
				CLANG_WARN_BLOCK_CAPTURE_AUTORELEASING = YES;
				CLANG_WARN_BOOL_CONVERSION = YES;
				CLANG_WARN_COMMA = YES;
				CLANG_WARN_CONSTANT_CONVERSION = YES;
				CLANG_WARN_DEPRECATED_OBJC_IMPLEMENTATIONS = YES;
				CLANG_WARN_DIRECT_OBJC_ISA_USAGE = YES_ERROR;
				CLANG_WARN_DOCUMENTATION_COMMENTS = YES;
				CLANG_WARN_EMPTY_BODY = YES;
				CLANG_WARN_ENUM_CONVERSION = YES;
				CLANG_WARN_INFINITE_RECURSION = YES;
				CLANG_WARN_INT_CONVERSION = YES;
				CLANG_WARN_NON_LITERAL_NULL_CONVERSION = YES;
				CLANG_WARN_OBJC_IMPLICIT_RETAIN_SELF = YES;
				CLANG_WARN_OBJC_LITERAL_CONVERSION = YES;
				CLANG_WARN_OBJC_ROOT_CLASS = YES_ERROR;
				CLANG_WARN_QUOTED_INCLUDE_IN_FRAMEWORK_HEADER = YES;
				CLANG_WARN_RANGE_LOOP_ANALYSIS = YES;
				CLANG_WARN_STRICT_PROTOTYPES = YES;
				CLANG_WARN_SUSPICIOUS_MOVE = YES;
				CLANG_WARN_UNGUARDED_AVAILABILITY = YES_AGGRESSIVE;
				CLANG_WARN_UNREACHABLE_CODE = YES;
				CLANG_WARN__DUPLICATE_METHOD_MATCH = YES;
				COPY_PHASE_STRIP = NO;
				DEBUG_INFORMATION_FORMAT = dwarf;
				ENABLE_STRICT_OBJC_MSGSEND = YES;
				ENABLE_TESTABILITY = YES;
				GCC_C_LANGUAGE_STANDARD = gnu11;
				GCC_DYNAMIC_NO_PIC = NO;
				GCC_NO_COMMON_BLOCKS = YES;
				GCC_OPTIMIZATION_LEVEL = 0;
				GCC_PREPROCESSOR_DEFINITIONS = (
					"DEBUG=1",
					"$(inherited)",
				);
				GCC_WARN_64_TO_32_BIT_CONVERSION = YES;
				GCC_WARN_ABOUT_RETURN_TYPE = YES_ERROR;
				GCC_WARN_UNDECLARED_SELECTOR = YES;
				GCC_WARN_UNINITIALIZED_AUTOS = YES_AGGRESSIVE;
				GCC_WARN_UNUSED_FUNCTION = YES;
				GCC_WARN_UNUSED_VARIABLE = YES;
				IPHONEOS_DEPLOYMENT_TARGET = 16.2;
				MTL_ENABLE_DEBUG_INFO = INCLUDE_SOURCE;
				MTL_FAST_MATH = YES;
				ONLY_ACTIVE_ARCH = YES;
				SDKROOT = iphoneos;
				SWIFT_ACTIVE_COMPILATION_CONDITIONS = DEBUG;
				SWIFT_OPTIMIZATION_LEVEL = "-Onone";
			};
			name = Debug;
		};
		ED2E2C7B2978432800D1DCBF /* Release */ = {
			isa = XCBuildConfiguration;
			buildSettings = {
				ALWAYS_SEARCH_USER_PATHS = NO;
				CLANG_ANALYZER_NONNULL = YES;
				CLANG_ANALYZER_NUMBER_OBJECT_CONVERSION = YES_AGGRESSIVE;
				CLANG_CXX_LANGUAGE_STANDARD = "gnu++20";
				CLANG_ENABLE_MODULES = YES;
				CLANG_ENABLE_OBJC_ARC = YES;
				CLANG_ENABLE_OBJC_WEAK = YES;
				CLANG_WARN_BLOCK_CAPTURE_AUTORELEASING = YES;
				CLANG_WARN_BOOL_CONVERSION = YES;
				CLANG_WARN_COMMA = YES;
				CLANG_WARN_CONSTANT_CONVERSION = YES;
				CLANG_WARN_DEPRECATED_OBJC_IMPLEMENTATIONS = YES;
				CLANG_WARN_DIRECT_OBJC_ISA_USAGE = YES_ERROR;
				CLANG_WARN_DOCUMENTATION_COMMENTS = YES;
				CLANG_WARN_EMPTY_BODY = YES;
				CLANG_WARN_ENUM_CONVERSION = YES;
				CLANG_WARN_INFINITE_RECURSION = YES;
				CLANG_WARN_INT_CONVERSION = YES;
				CLANG_WARN_NON_LITERAL_NULL_CONVERSION = YES;
				CLANG_WARN_OBJC_IMPLICIT_RETAIN_SELF = YES;
				CLANG_WARN_OBJC_LITERAL_CONVERSION = YES;
				CLANG_WARN_OBJC_ROOT_CLASS = YES_ERROR;
				CLANG_WARN_QUOTED_INCLUDE_IN_FRAMEWORK_HEADER = YES;
				CLANG_WARN_RANGE_LOOP_ANALYSIS = YES;
				CLANG_WARN_STRICT_PROTOTYPES = YES;
				CLANG_WARN_SUSPICIOUS_MOVE = YES;
				CLANG_WARN_UNGUARDED_AVAILABILITY = YES_AGGRESSIVE;
				CLANG_WARN_UNREACHABLE_CODE = YES;
				CLANG_WARN__DUPLICATE_METHOD_MATCH = YES;
				COPY_PHASE_STRIP = NO;
				DEBUG_INFORMATION_FORMAT = "dwarf-with-dsym";
				ENABLE_NS_ASSERTIONS = NO;
				ENABLE_STRICT_OBJC_MSGSEND = YES;
				GCC_C_LANGUAGE_STANDARD = gnu11;
				GCC_NO_COMMON_BLOCKS = YES;
				GCC_WARN_64_TO_32_BIT_CONVERSION = YES;
				GCC_WARN_ABOUT_RETURN_TYPE = YES_ERROR;
				GCC_WARN_UNDECLARED_SELECTOR = YES;
				GCC_WARN_UNINITIALIZED_AUTOS = YES_AGGRESSIVE;
				GCC_WARN_UNUSED_FUNCTION = YES;
				GCC_WARN_UNUSED_VARIABLE = YES;
				IPHONEOS_DEPLOYMENT_TARGET = 16.2;
				MTL_ENABLE_DEBUG_INFO = NO;
				MTL_FAST_MATH = YES;
				SDKROOT = iphoneos;
				SWIFT_COMPILATION_MODE = wholemodule;
				SWIFT_OPTIMIZATION_LEVEL = "-O";
				VALIDATE_PRODUCT = YES;
			};
			name = Release;
		};
		ED2E2C7D2978432800D1DCBF /* Debug */ = {
			isa = XCBuildConfiguration;
			buildSettings = {
				ASSETCATALOG_COMPILER_APPICON_NAME = AppIcon;
				ASSETCATALOG_COMPILER_GLOBAL_ACCENT_COLOR_NAME = AccentColor;
				CODE_SIGN_STYLE = Automatic;
				CURRENT_PROJECT_VERSION = 1;
				DEVELOPMENT_TEAM = TK57YHPV38;
				GENERATE_INFOPLIST_FILE = YES;
				INFOPLIST_FILE = ReapLanguage/Info.plist;
				INFOPLIST_KEY_UIApplicationSupportsIndirectInputEvents = YES;
				INFOPLIST_KEY_UILaunchStoryboardName = LaunchScreen;
				INFOPLIST_KEY_UIMainStoryboardFile = Main;
				INFOPLIST_KEY_UISupportedInterfaceOrientations_iPad = "UIInterfaceOrientationPortrait UIInterfaceOrientationPortraitUpsideDown UIInterfaceOrientationLandscapeLeft UIInterfaceOrientationLandscapeRight";
				INFOPLIST_KEY_UISupportedInterfaceOrientations_iPhone = "UIInterfaceOrientationPortrait UIInterfaceOrientationLandscapeLeft UIInterfaceOrientationLandscapeRight";
				LD_RUNPATH_SEARCH_PATHS = (
					"$(inherited)",
					"@executable_path/Frameworks",
				);
				MARKETING_VERSION = 1.0;
				PRODUCT_BUNDLE_IDENTIFIER = "ru.-ReapLanguage.ReapLanguage";
				PRODUCT_NAME = "$(TARGET_NAME)";
				SWIFT_EMIT_LOC_STRINGS = YES;
				SWIFT_VERSION = 5.0;
				TARGETED_DEVICE_FAMILY = "1,2";
			};
			name = Debug;
		};
		ED2E2C7E2978432800D1DCBF /* Release */ = {
			isa = XCBuildConfiguration;
			buildSettings = {
				ASSETCATALOG_COMPILER_APPICON_NAME = AppIcon;
				ASSETCATALOG_COMPILER_GLOBAL_ACCENT_COLOR_NAME = AccentColor;
				CODE_SIGN_STYLE = Automatic;
				CURRENT_PROJECT_VERSION = 1;
				DEVELOPMENT_TEAM = TK57YHPV38;
				GENERATE_INFOPLIST_FILE = YES;
				INFOPLIST_FILE = ReapLanguage/Info.plist;
				INFOPLIST_KEY_UIApplicationSupportsIndirectInputEvents = YES;
				INFOPLIST_KEY_UILaunchStoryboardName = LaunchScreen;
				INFOPLIST_KEY_UIMainStoryboardFile = Main;
				INFOPLIST_KEY_UISupportedInterfaceOrientations_iPad = "UIInterfaceOrientationPortrait UIInterfaceOrientationPortraitUpsideDown UIInterfaceOrientationLandscapeLeft UIInterfaceOrientationLandscapeRight";
				INFOPLIST_KEY_UISupportedInterfaceOrientations_iPhone = "UIInterfaceOrientationPortrait UIInterfaceOrientationLandscapeLeft UIInterfaceOrientationLandscapeRight";
				LD_RUNPATH_SEARCH_PATHS = (
					"$(inherited)",
					"@executable_path/Frameworks",
				);
				MARKETING_VERSION = 1.0;
				PRODUCT_BUNDLE_IDENTIFIER = "ru.-ReapLanguage.ReapLanguage";
				PRODUCT_NAME = "$(TARGET_NAME)";
				SWIFT_EMIT_LOC_STRINGS = YES;
				SWIFT_VERSION = 5.0;
				TARGETED_DEVICE_FAMILY = "1,2";
			};
			name = Release;
		};
/* End XCBuildConfiguration section */

/* Begin XCConfigurationList section */
		ED2E2C602978432700D1DCBF /* Build configuration list for PBXProject "ReapLanguage" */ = {
			isa = XCConfigurationList;
			buildConfigurations = (
				ED2E2C7A2978432800D1DCBF /* Debug */,
				ED2E2C7B2978432800D1DCBF /* Release */,
			);
			defaultConfigurationIsVisible = 0;
			defaultConfigurationName = Release;
		};
		ED2E2C7C2978432800D1DCBF /* Build configuration list for PBXNativeTarget "ReapLanguage" */ = {
			isa = XCConfigurationList;
			buildConfigurations = (
				ED2E2C7D2978432800D1DCBF /* Debug */,
				ED2E2C7E2978432800D1DCBF /* Release */,
			);
			defaultConfigurationIsVisible = 0;
			defaultConfigurationName = Release;
		};
/* End XCConfigurationList section */

/* Begin XCVersionGroup section */
		ED2E2C712978432700D1DCBF /* ReapLanguage.xcdatamodeld */ = {
			isa = XCVersionGroup;
			children = (
				ED2E2C722978432700D1DCBF /* ReapLanguage.xcdatamodel */,
			);
			currentVersion = ED2E2C722978432700D1DCBF /* ReapLanguage.xcdatamodel */;
			path = ReapLanguage.xcdatamodeld;
			sourceTree = "<group>";
			versionGroupType = wrapper.xcdatamodel;
		};
/* End XCVersionGroup section */
	};
	rootObject = ED2E2C5D2978432700D1DCBF /* Project object */;
}
